<?xml version="1.0" encoding="utf-8"?>
<Project ToolsVersion="4.0" xmlns="http://schemas.microsoft.com/developer/msbuild/2003">
  <ItemGroup>
    <Filter Include="Header Files">
      <UniqueIdentifier>{93995380-89BD-4b04-88EB-625FBE52EBFB}</UniqueIdentifier>
      <Extensions>h;hh;hpp;hxx;hm;inl;inc;xsd</Extensions>
    </Filter>
    <Filter Include="Framework">
      <UniqueIdentifier>{c85813c5-90e4-4461-b1b0-25678860de50}</UniqueIdentifier>
    </Filter>
    <Filter Include="GameState">
      <UniqueIdentifier>{fc0993dd-341b-46aa-bd56-268ed3439ef0}</UniqueIdentifier>
    </Filter>
    <Filter Include="SweptAABB">
      <UniqueIdentifier>{4fd8ec5a-51dc-4463-bf0a-4aafb50b2501}</UniqueIdentifier>
    </Filter>
    <Filter Include="GameObject">
      <UniqueIdentifier>{39d4924b-dc75-41e4-a7bd-e64896828c23}</UniqueIdentifier>
    </Filter>
  </ItemGroup>
  <ItemGroup>
    <ClInclude Include="ResourcesManager.h">
      <Filter>Header Files</Filter>
    </ClInclude>
    <ClInclude Include="Object.h">
      <Filter>Header Files</Filter>
    </ClInclude>
    <ClInclude Include="Map.h">
      <Filter>Header Files</Filter>
    </ClInclude>
    <ClInclude Include="QNode.h">
      <Filter>Header Files</Filter>
    </ClInclude>
    <ClInclude Include="FrkCamera.h">
      <Filter>Framework</Filter>
    </ClInclude>
    <ClInclude Include="FrkContent.h">
      <Filter>Framework</Filter>
    </ClInclude>
    <ClInclude Include="FrkControl.h">
      <Filter>Framework</Filter>
    </ClInclude>
    <ClInclude Include="FrkGame.h">
      <Filter>Framework</Filter>
    </ClInclude>
    <ClInclude Include="FrkGraphic.h">
      <Filter>Framework</Filter>
    </ClInclude>
    <ClInclude Include="FrkKeyboard.h">
      <Filter>Framework</Filter>
    </ClInclude>
    <ClInclude Include="FrkShareControl.h">
      <Filter>Framework</Filter>
    </ClInclude>
    <ClInclude Include="FrkSound.h">
      <Filter>Framework</Filter>
    </ClInclude>
    <ClInclude Include="FrkSprite.h">
      <Filter>Framework</Filter>
    </ClInclude>
    <ClInclude Include="FrkTexture.h">
      <Filter>Framework</Filter>
    </ClInclude>
    <ClInclude Include="DSutil.h">
      <Filter>Framework</Filter>
    </ClInclude>
    <ClInclude Include="State.h">
      <Filter>GameState</Filter>
    </ClInclude>
    <ClInclude Include="StateManager.h">
      <Filter>GameState</Filter>
    </ClInclude>
    <ClInclude Include="Box.h">
      <Filter>SweptAABB</Filter>
    </ClInclude>
    <ClInclude Include="Bullet.h">
      <Filter>GameObject</Filter>
    </ClInclude>
    <ClInclude Include="C_Box.h">
      <Filter>GameObject</Filter>
    </ClInclude>
    <ClInclude Include="C_Drain.h">
      <Filter>GameObject</Filter>
    </ClInclude>
    <ClInclude Include="C_Land.h">
      <Filter>GameObject</Filter>
    </ClInclude>
    <ClInclude Include="C_Question_Block.h">
      <Filter>GameObject</Filter>
    </ClInclude>
    <ClInclude Include="E_Plant.h">
      <Filter>GameObject</Filter>
    </ClInclude>
    <ClInclude Include="E_Plant_Gun.h">
      <Filter>GameObject</Filter>
    </ClInclude>
    <ClInclude Include="E_Plant_Red.h">
      <Filter>GameObject</Filter>
    </ClInclude>
    <ClInclude Include="E_Plant_Red_Gun.h">
      <Filter>GameObject</Filter>
    </ClInclude>
    <ClInclude Include="E_Tarnooki.h">
      <Filter>GameObject</Filter>
    </ClInclude>
    <ClInclude Include="E_Tarnooki_Fly.h">
      <Filter>GameObject</Filter>
    </ClInclude>
    <ClInclude Include="E_Tortoise.h">
      <Filter>GameObject</Filter>
    </ClInclude>
    <ClInclude Include="E_Tortoise_Fly.h">
      <Filter>GameObject</Filter>
    </ClInclude>
    <ClInclude Include="E_Tortoise_Red.h">
      <Filter>GameObject</Filter>
    </ClInclude>
    <ClInclude Include="F_Coin.h">
      <Filter>GameObject</Filter>
    </ClInclude>
    <ClInclude Include="F_Leaf.h">
      <Filter>GameObject</Filter>
    </ClInclude>
    <ClInclude Include="F_Mushroom.h">
      <Filter>GameObject</Filter>
    </ClInclude>
    <ClInclude Include="F_P.h">
      <Filter>GameObject</Filter>
    </ClInclude>
    <ClInclude Include="F_Star.h">
      <Filter>GameObject</Filter>
    </ClInclude>
    <ClInclude Include="Operate.h">
      <Filter>Header Files</Filter>
    </ClInclude>
    <ClInclude Include="SuperHero.h">
      <Filter>Header Files</Filter>
    </ClInclude>
    <ClInclude Include="Man.h">
      <Filter>Header Files</Filter>
    </ClInclude>
    <ClInclude Include="C_Brick.h">
      <Filter>GameObject</Filter>
    </ClInclude>
    <ClInclude Include="Collision.h">
      <Filter>SweptAABB</Filter>
    </ClInclude>
    <ClInclude Include="State_4.h">
      <Filter>GameState</Filter>
    </ClInclude>
    <ClInclude Include="C_Uprise.h">
      <Filter>GameObject</Filter>
    </ClInclude>
    <ClInclude Include="State_5.h">
      <Filter>GameState</Filter>
    </ClInclude>
    <ClInclude Include="Infomation.h">
      <Filter>Header Files</Filter>
    </ClInclude>
  </ItemGroup>
  <ItemGroup>
    <ClCompile Include="FrkCamera.cpp">
      <Filter>Framework</Filter>
    </ClCompile>
    <ClCompile Include="FrkContent.cpp">
      <Filter>Framework</Filter>
    </ClCompile>
    <ClCompile Include="FrkGame.cpp">
      <Filter>Framework</Filter>
    </ClCompile>
    <ClCompile Include="FrkGraphic.cpp">
      <Filter>Framework</Filter>
    </ClCompile>
    <ClCompile Include="FrkKeyboard.cpp">
      <Filter>Framework</Filter>
    </ClCompile>
    <ClCompile Include="FrkSound.cpp">
      <Filter>Framework</Filter>
    </ClCompile>
    <ClCompile Include="FrkSprite.cpp">
      <Filter>Framework</Filter>
    </ClCompile>
    <ClCompile Include="FrkTexture.cpp">
      <Filter>Framework</Filter>
    </ClCompile>
    <ClCompile Include="DSutil.cpp">
      <Filter>Framework</Filter>
    </ClCompile>
    <ClCompile Include="State.cpp">
      <Filter>GameState</Filter>
    </ClCompile>
    <ClCompile Include="StateManager.cpp">
      <Filter>GameState</Filter>
    </ClCompile>
    <ClCompile Include="Box.cpp">
      <Filter>SweptAABB</Filter>
    </ClCompile>
    <ClCompile Include="Bullet.cpp">
      <Filter>GameObject</Filter>
    </ClCompile>
    <ClCompile Include="C_Box.cpp">
      <Filter>GameObject</Filter>
    </ClCompile>
    <ClCompile Include="C_Drain.cpp">
      <Filter>GameObject</Filter>
    </ClCompile>
    <ClCompile Include="C_Land.cpp">
      <Filter>GameObject</Filter>
    </ClCompile>
    <ClCompile Include="C_Question_Block.cpp">
      <Filter>GameObject</Filter>
    </ClCompile>
    <ClCompile Include="E_Plant.cpp">
      <Filter>GameObject</Filter>
    </ClCompile>
    <ClCompile Include="E_Plant_Gun.cpp">
      <Filter>GameObject</Filter>
    </ClCompile>
    <ClCompile Include="E_Plant_Red.cpp">
      <Filter>GameObject</Filter>
    </ClCompile>
    <ClCompile Include="E_Plant_Red_Gun.cpp">
      <Filter>GameObject</Filter>
    </ClCompile>
    <ClCompile Include="E_Tarnooki.cpp">
      <Filter>GameObject</Filter>
    </ClCompile>
    <ClCompile Include="E_Tarnooki_Fly.cpp">
      <Filter>GameObject</Filter>
    </ClCompile>
    <ClCompile Include="E_Tortoise.cpp">
      <Filter>GameObject</Filter>
    </ClCompile>
    <ClCompile Include="E_Tortoise_Fly.cpp">
      <Filter>GameObject</Filter>
    </ClCompile>
    <ClCompile Include="E_Tortoise_Red.cpp">
      <Filter>GameObject</Filter>
    </ClCompile>
    <ClCompile Include="F_Coin.cpp">
      <Filter>GameObject</Filter>
    </ClCompile>
    <ClCompile Include="F_Leaf.cpp">
      <Filter>GameObject</Filter>
    </ClCompile>
    <ClCompile Include="F_Mushroom.cpp">
      <Filter>GameObject</Filter>
    </ClCompile>
    <ClCompile Include="F_P.cpp">
      <Filter>GameObject</Filter>
    </ClCompile>
    <ClCompile Include="F_Star.cpp">
      <Filter>GameObject</Filter>
    </ClCompile>
    <ClCompile Include="C_Brick.cpp">
      <Filter>GameObject</Filter>
    </ClCompile>
    <ClCompile Include="Man.cpp">
      <Filter>Header Files</Filter>
    </ClCompile>
    <ClCompile Include="Map.cpp">
      <Filter>Header Files</Filter>
    </ClCompile>
    <ClCompile Include="Object.cpp">
      <Filter>Header Files</Filter>
    </ClCompile>
    <ClCompile Include="Operate.cpp">
      <Filter>Header Files</Filter>
    </ClCompile>
    <ClCompile Include="QNode.cpp">
      <Filter>Header Files</Filter>
    </ClCompile>
    <ClCompile Include="ResourcesManager.cpp">
      <Filter>Header Files</Filter>
    </ClCompile>
    <ClCompile Include="SuperHero.cpp">
      <Filter>Header Files</Filter>
    </ClCompile>
    <ClCompile Include="WinMain.cpp">
      <Filter>Header Files</Filter>
    </ClCompile>
    <ClCompile Include="Collision.cpp">
      <Filter>SweptAABB</Filter>
    </ClCompile>
    <ClCompile Include="State_4.cpp">
      <Filter>GameState</Filter>
    </ClCompile>
    <ClCompile Include="C_Uprise.cpp">
      <Filter>GameObject</Filter>
    </ClCompile>
    <ClCompile Include="State_5.cpp">
      <Filter>GameState</Filter>
    </ClCompile>
    <ClCompile Include="Infomation.cpp">
      <Filter>Header Files</Filter>
    </ClCompile>
  </ItemGroup>
  <ItemGroup>
    <None Include="ClassDiagram.cd" />
  </ItemGroup>
</Project>